
Microsoft Visual Studio Solution File, Format Version 12.00
# Visual Studio 15
VisualStudioVersion = 15.0.26403.3
MinimumVisualStudioVersion = 10.0.40219.1
Project("{8BC9CEB8-8B4A-11D0-8D11-00A0C91BC942}") = "Honeycomb GE", "Honeycomb GE\Honeycomb GE.vcxproj", "{93E0B9D1-7739-4169-A266-6197755440E4}"
EndProject
Project("{8BC9CEB8-8B4A-11D0-8D11-00A0C91BC942}") = "Test Game", "Test Game\Test Game.vcxproj", "{81D71481-B643-45AF-91B3-0F13FD544ACD}"
EndProject
Global
	GlobalSection(Performance) = preSolution
		HasPerformanceSessions = true
	EndGlobalSection
	GlobalSection(SolutionConfigurationPlatforms) = preSolution
		Debug|x64 = Debug|x64
		Debug|x86 = Debug|x86
		Release|x64 = Release|x64
		Release|x86 = Release|x86
	EndGlobalSection
	GlobalSection(ProjectConfigurationPlatforms) = postSolution
		{93E0B9D1-7739-4169-A266-6197755440E4}.Debug|x64.ActiveCfg = Debug|x64
		{93E0B9D1-7739-4169-A266-6197755440E4}.Debug|x64.Build.0 = Debug|x64
		{93E0B9D1-7739-4169-A266-6197755440E4}.Debug|x86.ActiveCfg = Debug|Win32
		{93E0B9D1-7739-4169-A266-6197755440E4}.Debug|x86.Build.0 = Debug|Win32
		{93E0B9D1-7739-4169-A266-6197755440E4}.Release|x64.ActiveCfg = Release|x64
		{93E0B9D1-7739-4169-A266-6197755440E4}.Release|x64.Build.0 = Release|x64
		{93E0B9D1-7739-4169-A266-6197755440E4}.Release|x86.ActiveCfg = Release|Win32
		{93E0B9D1-7739-4169-A266-6197755440E4}.Release|x86.Build.0 = Release|Win32
		{81D71481-B643-45AF-91B3-0F13FD544ACD}.Debug|x64.ActiveCfg = Debug|x64
		{81D71481-B643-45AF-91B3-0F13FD544ACD}.Debug|x64.Build.0 = Debug|x64
		{81D71481-B643-45AF-91B3-0F13FD544ACD}.Debug|x86.ActiveCfg = Debug|Win32
		{81D71481-B643-45AF-91B3-0F13FD544ACD}.Debug|x86.Build.0 = Debug|Win32
		{81D71481-B643-45AF-91B3-0F13FD544ACD}.Release|x64.ActiveCfg = Release|x64
		{81D71481-B643-45AF-91B3-0F13FD544ACD}.Release|x64.Build.0 = Release|x64
		{81D71481-B643-45AF-91B3-0F13FD544ACD}.Release|x86.ActiveCfg = Release|Win32
		{81D71481-B643-45AF-91B3-0F13FD544ACD}.Release|x86.Build.0 = Release|Win32
	EndGlobalSection
	GlobalSection(SolutionProperties) = preSolution
		HideSolutionNode = FALSE
	EndGlobalSection
	GlobalSection(Performance) = preSolution
		HasPerformanceSessions = true
	EndGlobalSection
	GlobalSection(Performance) = preSolution
		HasPerformanceSessions = true
	EndGlobalSection
EndGlobal
